
Microsoft Visual Studio Solution File, Format Version 12.00
# Visual Studio 15
VisualStudioVersion = 15.0.28010.2048
MinimumVisualStudioVersion = 10.0.40219.1
Project("{FAE04EC0-301F-11D3-BF4B-00C04F79EFBC}") = "MyWebAPI10", "MyWebAPI10\MyWebAPI10.csproj", "{198E7ED1-8956-4728-95EA-028BDB4824F8}"
EndProject
Global
	GlobalSection(SolutionConfigurationPlatforms) = preSolution
		Debug|Any CPU = Debug|Any CPU
		Release|Any CPU = Release|Any CPU
	EndGlobalSection
	GlobalSection(ProjectConfigurationPlatforms) = postSolution
		{198E7ED1-8956-4728-95EA-028BDB4824F8}.Debug|Any CPU.ActiveCfg = Debug|Any CPU
		{198E7ED1-8956-4728-95EA-028BDB4824F8}.Debug|Any CPU.Build.0 = Debug|Any CPU
		{198E7ED1-8956-4728-95EA-028BDB4824F8}.Release|Any CPU.ActiveCfg = Release|Any CPU
		{198E7ED1-8956-4728-95EA-028BDB4824F8}.Release|Any CPU.Build.0 = Release|Any CPU
	EndGlobalSection
	GlobalSection(SolutionProperties) = preSolution
		HideSolutionNode = FALSE
	EndGlobalSection
	GlobalSection(ExtensibilityGlobals) = postSolution
		SolutionGuid = {47EB03E5-2101-4DFA-9777-CE25B6F6818E}
	EndGlobalSection
EndGlobal
